
Microsoft Visual Studio Solution File, Format Version 12.00
# Visual Studio Version 17
VisualStudioVersion = 17.0.31903.59
MinimumVisualStudioVersion = 10.0.40219.1
Project("{FAE04EC0-301F-11D3-BF4B-00C04F79EFBC}") = "GeekVault.Domain", "GeekVault.Domain\GeekVault.Domain.csproj", "{5F893845-40B0-4A23-B44D-C349CF6DAD82}"
EndProject
Project("{FAE04EC0-301F-11D3-BF4B-00C04F79EFBC}") = "GeekVault.Application", "GeekVault.Application\GeekVault.Application.csproj", "{B2AEFD05-1938-4909-B173-191DDF936027}"
EndProject
Project("{FAE04EC0-301F-11D3-BF4B-00C04F79EFBC}") = "GeekVault.Infrastructure", "GeekVault.Infrastructure\GeekVault.Infrastructure.csproj", "{32DEE04E-F205-4783-A5E9-3ABED49452AF}"
EndProject
Project("{FAE04EC0-301F-11D3-BF4B-00C04F79EFBC}") = "GeekVault.Api", "GeekVault.Api\GeekVault.Api.csproj", "{2FA968EE-B293-409B-BDAF-D471A23CBF81}"
EndProject
Global
	GlobalSection(SolutionConfigurationPlatforms) = preSolution
		Debug|Any CPU = Debug|Any CPU
		Release|Any CPU = Release|Any CPU
	EndGlobalSection
	GlobalSection(SolutionProperties) = preSolution
		HideSolutionNode = FALSE
	EndGlobalSection
	GlobalSection(ProjectConfigurationPlatforms) = postSolution
		{5F893845-40B0-4A23-B44D-C349CF6DAD82}.Debug|Any CPU.ActiveCfg = Debug|Any CPU
		{5F893845-40B0-4A23-B44D-C349CF6DAD82}.Debug|Any CPU.Build.0 = Debug|Any CPU
		{5F893845-40B0-4A23-B44D-C349CF6DAD82}.Release|Any CPU.ActiveCfg = Release|Any CPU
		{5F893845-40B0-4A23-B44D-C349CF6DAD82}.Release|Any CPU.Build.0 = Release|Any CPU
		{B2AEFD05-1938-4909-B173-191DDF936027}.Debug|Any CPU.ActiveCfg = Debug|Any CPU
		{B2AEFD05-1938-4909-B173-191DDF936027}.Debug|Any CPU.Build.0 = Debug|Any CPU
		{B2AEFD05-1938-4909-B173-191DDF936027}.Release|Any CPU.ActiveCfg = Release|Any CPU
		{B2AEFD05-1938-4909-B173-191DDF936027}.Release|Any CPU.Build.0 = Release|Any CPU
		{32DEE04E-F205-4783-A5E9-3ABED49452AF}.Debug|Any CPU.ActiveCfg = Debug|Any CPU
		{32DEE04E-F205-4783-A5E9-3ABED49452AF}.Debug|Any CPU.Build.0 = Debug|Any CPU
		{32DEE04E-F205-4783-A5E9-3ABED49452AF}.Release|Any CPU.ActiveCfg = Release|Any CPU
		{32DEE04E-F205-4783-A5E9-3ABED49452AF}.Release|Any CPU.Build.0 = Release|Any CPU
		{2FA968EE-B293-409B-BDAF-D471A23CBF81}.Debug|Any CPU.ActiveCfg = Debug|Any CPU
		{2FA968EE-B293-409B-BDAF-D471A23CBF81}.Debug|Any CPU.Build.0 = Debug|Any CPU
		{2FA968EE-B293-409B-BDAF-D471A23CBF81}.Release|Any CPU.ActiveCfg = Release|Any CPU
		{2FA968EE-B293-409B-BDAF-D471A23CBF81}.Release|Any CPU.Build.0 = Release|Any CPU
	EndGlobalSection
EndGlobal
